
Microsoft Visual Studio Solution File, Format Version 12.00
# Visual Studio Version 16
VisualStudioVersion = 16.0.31019.35
MinimumVisualStudioVersion = 10.0.40219.1
Project("{FAE04EC0-301F-11D3-BF4B-00C04F79EFBC}") = "Homework2.4", "Homework2.4\Homework2.4.csproj", "{FA010E31-6A12-4E66-B093-65F61FC1DE54}"
EndProject
Global
	GlobalSection(SolutionConfigurationPlatforms) = preSolution
		Debug|Any CPU = Debug|Any CPU
		Release|Any CPU = Release|Any CPU
	EndGlobalSection
	GlobalSection(ProjectConfigurationPlatforms) = postSolution
		{FA010E31-6A12-4E66-B093-65F61FC1DE54}.Debug|Any CPU.ActiveCfg = Debug|Any CPU
		{FA010E31-6A12-4E66-B093-65F61FC1DE54}.Debug|Any CPU.Build.0 = Debug|Any CPU
		{FA010E31-6A12-4E66-B093-65F61FC1DE54}.Release|Any CPU.ActiveCfg = Release|Any CPU
		{FA010E31-6A12-4E66-B093-65F61FC1DE54}.Release|Any CPU.Build.0 = Release|Any CPU
	EndGlobalSection
	GlobalSection(SolutionProperties) = preSolution
		HideSolutionNode = FALSE
	EndGlobalSection
	GlobalSection(ExtensibilityGlobals) = postSolution
		SolutionGuid = {43F135FD-00D3-4A8C-9624-7C4382CE5794}
	EndGlobalSection
EndGlobal
