
Microsoft Visual Studio Solution File, Format Version 12.00
# Visual Studio Version 16
VisualStudioVersion = 16.0.31019.35
MinimumVisualStudioVersion = 10.0.40219.1
Project("{FAE04EC0-301F-11D3-BF4B-00C04F79EFBC}") = "Homework4", "Homework4\Homework4.csproj", "{32A085D6-BF67-46D6-B0F7-16E530E85C4D}"
EndProject
Global
	GlobalSection(SolutionConfigurationPlatforms) = preSolution
		Debug|Any CPU = Debug|Any CPU
		Release|Any CPU = Release|Any CPU
	EndGlobalSection
	GlobalSection(ProjectConfigurationPlatforms) = postSolution
		{32A085D6-BF67-46D6-B0F7-16E530E85C4D}.Debug|Any CPU.ActiveCfg = Debug|Any CPU
		{32A085D6-BF67-46D6-B0F7-16E530E85C4D}.Debug|Any CPU.Build.0 = Debug|Any CPU
		{32A085D6-BF67-46D6-B0F7-16E530E85C4D}.Release|Any CPU.ActiveCfg = Release|Any CPU
		{32A085D6-BF67-46D6-B0F7-16E530E85C4D}.Release|Any CPU.Build.0 = Release|Any CPU
	EndGlobalSection
	GlobalSection(SolutionProperties) = preSolution
		HideSolutionNode = FALSE
	EndGlobalSection
	GlobalSection(ExtensibilityGlobals) = postSolution
		SolutionGuid = {1C219665-FDF0-4329-8284-72FA72C52C1C}
	EndGlobalSection
EndGlobal
